// !$*UTF8*$!
{
	archiveVersion = 1;
	classes = {
	};
	objectVersion = 50;
	objects = {

/* Begin PBXBuildFile section */
		1A07372125AE0BB20072217A /* GermanTimeTravel.xcdatamodeld in Sources */ = {isa = PBXBuildFile; fileRef = 1A07371F25AE0BB10072217A /* GermanTimeTravel.xcdatamodeld */; };
		1A07372425AE12030072217A /* CoreDataStack.swift in Sources */ = {isa = PBXBuildFile; fileRef = 1A07372325AE12030072217A /* CoreDataStack.swift */; };
		1A07372825AE681A0072217A /* EventRepresentation.swift in Sources */ = {isa = PBXBuildFile; fileRef = 1A07372725AE681A0072217A /* EventRepresentation.swift */; };
		1A07372F25AE77830072217A /* Scenario+Convenience.swift in Sources */ = {isa = PBXBuildFile; fileRef = 1A07372E25AE77830072217A /* Scenario+Convenience.swift */; };
		1A07373225AE77970072217A /* Event+Convenience.swift in Sources */ = {isa = PBXBuildFile; fileRef = 1A07373125AE77970072217A /* Event+Convenience.swift */; };
		1AA265FC25B0AB8D0000F874 /* Summary.swift in Sources */ = {isa = PBXBuildFile; fileRef = 1AA265FB25B0AB8D0000F874 /* Summary.swift */; };
		1AA265FF25B0B1130000F874 /* Active+Convenience.swift in Sources */ = {isa = PBXBuildFile; fileRef = 1AA265FE25B0B1130000F874 /* Active+Convenience.swift */; };
		1AA2660225B0C7840000F874 /* ModelController.swift in Sources */ = {isa = PBXBuildFile; fileRef = 1AA2660125B0C7840000F874 /* ModelController.swift */; };
		1AB8F68F25B222EE0070A14C /* Cache.swift in Sources */ = {isa = PBXBuildFile; fileRef = 1AB8F68E25B222EE0070A14C /* Cache.swift */; };
		1AB8F69225B22B3D0070A14C /* ScenarioRepresentation.swift in Sources */ = {isa = PBXBuildFile; fileRef = 1AB8F69125B22B3D0070A14C /* ScenarioRepresentation.swift */; };
		464CACBB25B25C7F00F37F79 /* RunScenarioViewController.swift in Sources */ = {isa = PBXBuildFile; fileRef = 464CACBA25B25C7F00F37F79 /* RunScenarioViewController.swift */; };
		464CACC925B29E9900F37F79 /* ScenarioTableViewCell.swift in Sources */ = {isa = PBXBuildFile; fileRef = 464CACC825B29E9900F37F79 /* ScenarioTableViewCell.swift */; };
		464CACCC25B2A04B00F37F79 /* EventTableViewCell.swift in Sources */ = {isa = PBXBuildFile; fileRef = 464CACCB25B2A04B00F37F79 /* EventTableViewCell.swift */; };
		464CACCF25B2A20600F37F79 /* OptionsViewController.swift in Sources */ = {isa = PBXBuildFile; fileRef = 464CACCE25B2A20600F37F79 /* OptionsViewController.swift */; };
		4678CE4D25A173B20010D625 /* RunTimeViewController.swift in Sources */ = {isa = PBXBuildFile; fileRef = 4678CE4C25A173B20010D625 /* RunTimeViewController.swift */; };
		4678CE5425A179AA0010D625 /* CustomNavController.swift in Sources */ = {isa = PBXBuildFile; fileRef = 4678CE5325A179AA0010D625 /* CustomNavController.swift */; };
		469207C5257933D5001781E5 /* AppDelegate.swift in Sources */ = {isa = PBXBuildFile; fileRef = 469207C4257933D5001781E5 /* AppDelegate.swift */; };
		469207C7257933D5001781E5 /* SceneDelegate.swift in Sources */ = {isa = PBXBuildFile; fileRef = 469207C6257933D5001781E5 /* SceneDelegate.swift */; };
		469207CC257933D5001781E5 /* Main.storyboard in Resources */ = {isa = PBXBuildFile; fileRef = 469207CA257933D5001781E5 /* Main.storyboard */; };
		469207CE257933D8001781E5 /* Assets.xcassets in Resources */ = {isa = PBXBuildFile; fileRef = 469207CD257933D8001781E5 /* Assets.xcassets */; };
		469207D1257933D8001781E5 /* LaunchScreen.storyboard in Resources */ = {isa = PBXBuildFile; fileRef = 469207CF257933D8001781E5 /* LaunchScreen.storyboard */; };
		469207E025797BEC001781E5 /* HomeViewController.swift in Sources */ = {isa = PBXBuildFile; fileRef = 469207DF25797BEC001781E5 /* HomeViewController.swift */; };
		469207E6257AD507001781E5 /* Countdown.swift in Sources */ = {isa = PBXBuildFile; fileRef = 469207E5257AD507001781E5 /* Countdown.swift */; };
		469207EA257EC205001781E5 /* ApiController.swift in Sources */ = {isa = PBXBuildFile; fileRef = 469207E9257EC205001781E5 /* ApiController.swift */; };
		469207F4257EE0AD001781E5 /* Bearer.swift in Sources */ = {isa = PBXBuildFile; fileRef = 469207F3257EE0AD001781E5 /* Bearer.swift */; };
		469CEF542589773400827BB0 /* AllScenariosViewController.swift in Sources */ = {isa = PBXBuildFile; fileRef = 469CEF532589773400827BB0 /* AllScenariosViewController.swift */; };
/* End PBXBuildFile section */

/* Begin PBXFileReference section */
		1A07372025AE0BB10072217A /* GermanTimeTravel.xcdatamodel */ = {isa = PBXFileReference; lastKnownFileType = wrapper.xcdatamodel; path = GermanTimeTravel.xcdatamodel; sourceTree = "<group>"; };
		1A07372325AE12030072217A /* CoreDataStack.swift */ = {isa = PBXFileReference; lastKnownFileType = sourcecode.swift; path = CoreDataStack.swift; sourceTree = "<group>"; };
		1A07372725AE681A0072217A /* EventRepresentation.swift */ = {isa = PBXFileReference; lastKnownFileType = sourcecode.swift; path = EventRepresentation.swift; sourceTree = "<group>"; };
		1A07372E25AE77830072217A /* Scenario+Convenience.swift */ = {isa = PBXFileReference; lastKnownFileType = sourcecode.swift; path = "Scenario+Convenience.swift"; sourceTree = "<group>"; };
		1A07373125AE77970072217A /* Event+Convenience.swift */ = {isa = PBXFileReference; lastKnownFileType = sourcecode.swift; path = "Event+Convenience.swift"; sourceTree = "<group>"; };
		1AA265FB25B0AB8D0000F874 /* Summary.swift */ = {isa = PBXFileReference; lastKnownFileType = sourcecode.swift; path = Summary.swift; sourceTree = "<group>"; };
		1AA265FE25B0B1130000F874 /* Active+Convenience.swift */ = {isa = PBXFileReference; lastKnownFileType = sourcecode.swift; path = "Active+Convenience.swift"; sourceTree = "<group>"; };
		1AA2660125B0C7840000F874 /* ModelController.swift */ = {isa = PBXFileReference; lastKnownFileType = sourcecode.swift; path = ModelController.swift; sourceTree = "<group>"; };
		1AB8F68E25B222EE0070A14C /* Cache.swift */ = {isa = PBXFileReference; lastKnownFileType = sourcecode.swift; path = Cache.swift; sourceTree = "<group>"; };
		1AB8F69125B22B3D0070A14C /* ScenarioRepresentation.swift */ = {isa = PBXFileReference; lastKnownFileType = sourcecode.swift; path = ScenarioRepresentation.swift; sourceTree = "<group>"; };
		464CACBA25B25C7F00F37F79 /* RunScenarioViewController.swift */ = {isa = PBXFileReference; lastKnownFileType = sourcecode.swift; path = RunScenarioViewController.swift; sourceTree = "<group>"; };
		464CACC825B29E9900F37F79 /* ScenarioTableViewCell.swift */ = {isa = PBXFileReference; lastKnownFileType = sourcecode.swift; path = ScenarioTableViewCell.swift; sourceTree = "<group>"; };
		464CACCB25B2A04B00F37F79 /* EventTableViewCell.swift */ = {isa = PBXFileReference; lastKnownFileType = sourcecode.swift; path = EventTableViewCell.swift; sourceTree = "<group>"; };
		464CACCE25B2A20600F37F79 /* OptionsViewController.swift */ = {isa = PBXFileReference; lastKnownFileType = sourcecode.swift; path = OptionsViewController.swift; sourceTree = "<group>"; };
		4678CE4C25A173B20010D625 /* RunTimeViewController.swift */ = {isa = PBXFileReference; lastKnownFileType = sourcecode.swift; path = RunTimeViewController.swift; sourceTree = "<group>"; };
		4678CE5325A179AA0010D625 /* CustomNavController.swift */ = {isa = PBXFileReference; lastKnownFileType = sourcecode.swift; path = CustomNavController.swift; sourceTree = "<group>"; };
		469207C1257933D5001781E5 /* GermanTimeTravel.app */ = {isa = PBXFileReference; explicitFileType = wrapper.application; includeInIndex = 0; path = GermanTimeTravel.app; sourceTree = BUILT_PRODUCTS_DIR; };
		469207C4257933D5001781E5 /* AppDelegate.swift */ = {isa = PBXFileReference; lastKnownFileType = sourcecode.swift; path = AppDelegate.swift; sourceTree = "<group>"; };
		469207C6257933D5001781E5 /* SceneDelegate.swift */ = {isa = PBXFileReference; lastKnownFileType = sourcecode.swift; path = SceneDelegate.swift; sourceTree = "<group>"; };
		469207CB257933D5001781E5 /* Base */ = {isa = PBXFileReference; lastKnownFileType = file.storyboard; name = Base; path = Base.lproj/Main.storyboard; sourceTree = "<group>"; };
		469207CD257933D8001781E5 /* Assets.xcassets */ = {isa = PBXFileReference; lastKnownFileType = folder.assetcatalog; path = Assets.xcassets; sourceTree = "<group>"; };
		469207D0257933D8001781E5 /* Base */ = {isa = PBXFileReference; lastKnownFileType = file.storyboard; name = Base; path = Base.lproj/LaunchScreen.storyboard; sourceTree = "<group>"; };
		469207D2257933D8001781E5 /* Info.plist */ = {isa = PBXFileReference; lastKnownFileType = text.plist.xml; path = Info.plist; sourceTree = "<group>"; };
		469207DF25797BEC001781E5 /* HomeViewController.swift */ = {isa = PBXFileReference; lastKnownFileType = sourcecode.swift; path = HomeViewController.swift; sourceTree = "<group>"; };
		469207E5257AD507001781E5 /* Countdown.swift */ = {isa = PBXFileReference; lastKnownFileType = sourcecode.swift; path = Countdown.swift; sourceTree = "<group>"; };
		469207E9257EC205001781E5 /* ApiController.swift */ = {isa = PBXFileReference; lastKnownFileType = sourcecode.swift; path = ApiController.swift; sourceTree = "<group>"; };
		469207F3257EE0AD001781E5 /* Bearer.swift */ = {isa = PBXFileReference; lastKnownFileType = sourcecode.swift; path = Bearer.swift; sourceTree = "<group>"; };
		469CEF532589773400827BB0 /* AllScenariosViewController.swift */ = {isa = PBXFileReference; lastKnownFileType = sourcecode.swift; path = AllScenariosViewController.swift; sourceTree = "<group>"; };
/* End PBXFileReference section */

/* Begin PBXFrameworksBuildPhase section */
		469207BE257933D5001781E5 /* Frameworks */ = {
			isa = PBXFrameworksBuildPhase;
			buildActionMask = 2147483647;
			files = (
			);
			runOnlyForDeploymentPostprocessing = 0;
		};
/* End PBXFrameworksBuildPhase section */

/* Begin PBXGroup section */
		469207B8257933D5001781E5 = {
			isa = PBXGroup;
			children = (
				469207C3257933D5001781E5 /* GermanTimeTravel */,
				469207C2257933D5001781E5 /* Products */,
			);
			sourceTree = "<group>";
		};
		469207C2257933D5001781E5 /* Products */ = {
			isa = PBXGroup;
			children = (
				469207C1257933D5001781E5 /* GermanTimeTravel.app */,
			);
			name = Products;
			sourceTree = "<group>";
		};
		469207C3257933D5001781E5 /* GermanTimeTravel */ = {
			isa = PBXGroup;
			children = (
				469207E8257EC1CC001781E5 /* ModelControllers */,
				469207DB25797B3C001781E5 /* ViewControllers */,
				469207DA25797B35001781E5 /* Models */,
				469207DC25797B45001781E5 /* Storyboards */,
				469207DD25797B5D001781E5 /* Utilities */,
				469207D2257933D8001781E5 /* Info.plist */,
			);
			path = GermanTimeTravel;
			sourceTree = "<group>";
		};
		469207DA25797B35001781E5 /* Models */ = {
			isa = PBXGroup;
			children = (
				1A07371F25AE0BB10072217A /* GermanTimeTravel.xcdatamodeld */,
				1A07372325AE12030072217A /* CoreDataStack.swift */,
				469207F3257EE0AD001781E5 /* Bearer.swift */,
				1A07372E25AE77830072217A /* Scenario+Convenience.swift */,
				1AB8F69125B22B3D0070A14C /* ScenarioRepresentation.swift */,
				1A07373125AE77970072217A /* Event+Convenience.swift */,
				1A07372725AE681A0072217A /* EventRepresentation.swift */,
				1AA265FE25B0B1130000F874 /* Active+Convenience.swift */,
				1AA265FB25B0AB8D0000F874 /* Summary.swift */,
				1AB8F68E25B222EE0070A14C /* Cache.swift */,
			);
			path = Models;
			sourceTree = "<group>";
		};
		469207DB25797B3C001781E5 /* ViewControllers */ = {
			isa = PBXGroup;
			children = (
				4678CE5325A179AA0010D625 /* CustomNavController.swift */,
				469CEF532589773400827BB0 /* AllScenariosViewController.swift */,
				469207DF25797BEC001781E5 /* HomeViewController.swift */,
				4678CE4C25A173B20010D625 /* RunTimeViewController.swift */,
				464CACBA25B25C7F00F37F79 /* RunScenarioViewController.swift */,
				464CACC825B29E9900F37F79 /* ScenarioTableViewCell.swift */,
				464CACCB25B2A04B00F37F79 /* EventTableViewCell.swift */,
				464CACCE25B2A20600F37F79 /* OptionsViewController.swift */,
			);
			path = ViewControllers;
			sourceTree = "<group>";
		};
		469207DC25797B45001781E5 /* Storyboards */ = {
			isa = PBXGroup;
			children = (
				469207CF257933D8001781E5 /* LaunchScreen.storyboard */,
				469207CA257933D5001781E5 /* Main.storyboard */,
			);
			path = Storyboards;
			sourceTree = "<group>";
		};
		469207DD25797B5D001781E5 /* Utilities */ = {
			isa = PBXGroup;
			children = (
				469207C6257933D5001781E5 /* SceneDelegate.swift */,
				469207C4257933D5001781E5 /* AppDelegate.swift */,
				469207CD257933D8001781E5 /* Assets.xcassets */,
				469207E5257AD507001781E5 /* Countdown.swift */,
			);
			path = Utilities;
			sourceTree = "<group>";
		};
		469207E8257EC1CC001781E5 /* ModelControllers */ = {
			isa = PBXGroup;
			children = (
				469207E9257EC205001781E5 /* ApiController.swift */,
				1AA2660125B0C7840000F874 /* ModelController.swift */,
			);
			path = ModelControllers;
			sourceTree = "<group>";
		};
/* End PBXGroup section */

/* Begin PBXNativeTarget section */
		469207C0257933D5001781E5 /* GermanTimeTravel */ = {
			isa = PBXNativeTarget;
			buildConfigurationList = 469207D5257933D8001781E5 /* Build configuration list for PBXNativeTarget "GermanTimeTravel" */;
			buildPhases = (
				469207BD257933D5001781E5 /* Sources */,
				469207BE257933D5001781E5 /* Frameworks */,
				469207BF257933D5001781E5 /* Resources */,
			);
			buildRules = (
			);
			dependencies = (
			);
			name = GermanTimeTravel;
			productName = GermanTimeTravel;
			productReference = 469207C1257933D5001781E5 /* GermanTimeTravel.app */;
			productType = "com.apple.product-type.application";
		};
/* End PBXNativeTarget section */

/* Begin PBXProject section */
		469207B9257933D5001781E5 /* Project object */ = {
			isa = PBXProject;
			attributes = {
				LastSwiftUpdateCheck = 1220;
				LastUpgradeCheck = 1220;
				TargetAttributes = {
					469207C0257933D5001781E5 = {
						CreatedOnToolsVersion = 12.2;
					};
				};
			};
			buildConfigurationList = 469207BC257933D5001781E5 /* Build configuration list for PBXProject "GermanTimeTravel" */;
			compatibilityVersion = "Xcode 9.3";
			developmentRegion = en;
			hasScannedForEncodings = 0;
			knownRegions = (
				en,
				Base,
			);
			mainGroup = 469207B8257933D5001781E5;
			productRefGroup = 469207C2257933D5001781E5 /* Products */;
			projectDirPath = "";
			projectRoot = "";
			targets = (
				469207C0257933D5001781E5 /* GermanTimeTravel */,
			);
		};
/* End PBXProject section */

/* Begin PBXResourcesBuildPhase section */
		469207BF257933D5001781E5 /* Resources */ = {
			isa = PBXResourcesBuildPhase;
			buildActionMask = 2147483647;
			files = (
				469207D1257933D8001781E5 /* LaunchScreen.storyboard in Resources */,
				469207CE257933D8001781E5 /* Assets.xcassets in Resources */,
				469207CC257933D5001781E5 /* Main.storyboard in Resources */,
			);
			runOnlyForDeploymentPostprocessing = 0;
		};
/* End PBXResourcesBuildPhase section */

/* Begin PBXSourcesBuildPhase section */
		469207BD257933D5001781E5 /* Sources */ = {
			isa = PBXSourcesBuildPhase;
			buildActionMask = 2147483647;
			files = (
				1AB8F69225B22B3D0070A14C /* ScenarioRepresentation.swift in Sources */,
				469207E025797BEC001781E5 /* HomeViewController.swift in Sources */,
				464CACCF25B2A20600F37F79 /* OptionsViewController.swift in Sources */,
				469207C5257933D5001781E5 /* AppDelegate.swift in Sources */,
				469207F4257EE0AD001781E5 /* Bearer.swift in Sources */,
				1A07372825AE681A0072217A /* EventRepresentation.swift in Sources */,
				469CEF542589773400827BB0 /* AllScenariosViewController.swift in Sources */,
				4678CE5425A179AA0010D625 /* CustomNavController.swift in Sources */,
				1AB8F68F25B222EE0070A14C /* Cache.swift in Sources */,
				469207EA257EC205001781E5 /* ApiController.swift in Sources */,
				1A07372F25AE77830072217A /* Scenario+Convenience.swift in Sources */,
				1A07372425AE12030072217A /* CoreDataStack.swift in Sources */,
				1AA265FF25B0B1130000F874 /* Active+Convenience.swift in Sources */,
				464CACCC25B2A04B00F37F79 /* EventTableViewCell.swift in Sources */,
				1AA2660225B0C7840000F874 /* ModelController.swift in Sources */,
				469207C7257933D5001781E5 /* SceneDelegate.swift in Sources */,
				1AA265FC25B0AB8D0000F874 /* Summary.swift in Sources */,
				464CACC925B29E9900F37F79 /* ScenarioTableViewCell.swift in Sources */,
				1A07372125AE0BB20072217A /* GermanTimeTravel.xcdatamodeld in Sources */,
				1A07373225AE77970072217A /* Event+Convenience.swift in Sources */,
				469207E6257AD507001781E5 /* Countdown.swift in Sources */,
				464CACBB25B25C7F00F37F79 /* RunScenarioViewController.swift in Sources */,
				4678CE4D25A173B20010D625 /* RunTimeViewController.swift in Sources */,
			);
			runOnlyForDeploymentPostprocessing = 0;
		};
/* End PBXSourcesBuildPhase section */

/* Begin PBXVariantGroup section */
		469207CA257933D5001781E5 /* Main.storyboard */ = {
			isa = PBXVariantGroup;
			children = (
				469207CB257933D5001781E5 /* Base */,
			);
			name = Main.storyboard;
			sourceTree = "<group>";
		};
		469207CF257933D8001781E5 /* LaunchScreen.storyboard */ = {
			isa = PBXVariantGroup;
			children = (
				469207D0257933D8001781E5 /* Base */,
			);
			name = LaunchScreen.storyboard;
			sourceTree = "<group>";
		};
/* End PBXVariantGroup section */

/* Begin XCBuildConfiguration section */
		469207D3257933D8001781E5 /* Debug */ = {
			isa = XCBuildConfiguration;
			buildSettings = {
				ALWAYS_SEARCH_USER_PATHS = NO;
				CLANG_ANALYZER_NONNULL = YES;
				CLANG_ANALYZER_NUMBER_OBJECT_CONVERSION = YES_AGGRESSIVE;
				CLANG_CXX_LANGUAGE_STANDARD = "gnu++14";
				CLANG_CXX_LIBRARY = "libc++";
				CLANG_ENABLE_MODULES = YES;
				CLANG_ENABLE_OBJC_ARC = YES;
				CLANG_ENABLE_OBJC_WEAK = YES;
				CLANG_WARN_BLOCK_CAPTURE_AUTORELEASING = YES;
				CLANG_WARN_BOOL_CONVERSION = YES;
				CLANG_WARN_COMMA = YES;
				CLANG_WARN_CONSTANT_CONVERSION = YES;
				CLANG_WARN_DEPRECATED_OBJC_IMPLEMENTATIONS = YES;
				CLANG_WARN_DIRECT_OBJC_ISA_USAGE = YES_ERROR;
				CLANG_WARN_DOCUMENTATION_COMMENTS = YES;
				CLANG_WARN_EMPTY_BODY = YES;
				CLANG_WARN_ENUM_CONVERSION = YES;
				CLANG_WARN_INFINITE_RECURSION = YES;
				CLANG_WARN_INT_CONVERSION = YES;
				CLANG_WARN_NON_LITERAL_NULL_CONVERSION = YES;
				CLANG_WARN_OBJC_IMPLICIT_RETAIN_SELF = YES;
				CLANG_WARN_OBJC_LITERAL_CONVERSION = YES;
				CLANG_WARN_OBJC_ROOT_CLASS = YES_ERROR;
				CLANG_WARN_QUOTED_INCLUDE_IN_FRAMEWORK_HEADER = YES;
				CLANG_WARN_RANGE_LOOP_ANALYSIS = YES;
				CLANG_WARN_STRICT_PROTOTYPES = YES;
				CLANG_WARN_SUSPICIOUS_MOVE = YES;
				CLANG_WARN_UNGUARDED_AVAILABILITY = YES_AGGRESSIVE;
				CLANG_WARN_UNREACHABLE_CODE = YES;
				CLANG_WARN__DUPLICATE_METHOD_MATCH = YES;
				COPY_PHASE_STRIP = NO;
				DEBUG_INFORMATION_FORMAT = dwarf;
				ENABLE_STRICT_OBJC_MSGSEND = YES;
				ENABLE_TESTABILITY = YES;
				GCC_C_LANGUAGE_STANDARD = gnu11;
				GCC_DYNAMIC_NO_PIC = NO;
				GCC_NO_COMMON_BLOCKS = YES;
				GCC_OPTIMIZATION_LEVEL = 0;
				GCC_PREPROCESSOR_DEFINITIONS = (
					"DEBUG=1",
					"$(inherited)",
				);
				GCC_WARN_64_TO_32_BIT_CONVERSION = YES;
				GCC_WARN_ABOUT_RETURN_TYPE = YES_ERROR;
				GCC_WARN_UNDECLARED_SELECTOR = YES;
				GCC_WARN_UNINITIALIZED_AUTOS = YES_AGGRESSIVE;
				GCC_WARN_UNUSED_FUNCTION = YES;
				GCC_WARN_UNUSED_VARIABLE = YES;
				IPHONEOS_DEPLOYMENT_TARGET = 14.2;
				MTL_ENABLE_DEBUG_INFO = INCLUDE_SOURCE;
				MTL_FAST_MATH = YES;
				ONLY_ACTIVE_ARCH = YES;
				SDKROOT = iphoneos;
				SWIFT_ACTIVE_COMPILATION_CONDITIONS = DEBUG;
				SWIFT_OPTIMIZATION_LEVEL = "-Onone";
			};
			name = Debug;
		};
		469207D4257933D8001781E5 /* Release */ = {
			isa = XCBuildConfiguration;
			buildSettings = {
				ALWAYS_SEARCH_USER_PATHS = NO;
				CLANG_ANALYZER_NONNULL = YES;
				CLANG_ANALYZER_NUMBER_OBJECT_CONVERSION = YES_AGGRESSIVE;
				CLANG_CXX_LANGUAGE_STANDARD = "gnu++14";
				CLANG_CXX_LIBRARY = "libc++";
				CLANG_ENABLE_MODULES = YES;
				CLANG_ENABLE_OBJC_ARC = YES;
				CLANG_ENABLE_OBJC_WEAK = YES;
				CLANG_WARN_BLOCK_CAPTURE_AUTORELEASING = YES;
				CLANG_WARN_BOOL_CONVERSION = YES;
				CLANG_WARN_COMMA = YES;
				CLANG_WARN_CONSTANT_CONVERSION = YES;
				CLANG_WARN_DEPRECATED_OBJC_IMPLEMENTATIONS = YES;
				CLANG_WARN_DIRECT_OBJC_ISA_USAGE = YES_ERROR;
				CLANG_WARN_DOCUMENTATION_COMMENTS = YES;
				CLANG_WARN_EMPTY_BODY = YES;
				CLANG_WARN_ENUM_CONVERSION = YES;
				CLANG_WARN_INFINITE_RECURSION = YES;
				CLANG_WARN_INT_CONVERSION = YES;
				CLANG_WARN_NON_LITERAL_NULL_CONVERSION = YES;
				CLANG_WARN_OBJC_IMPLICIT_RETAIN_SELF = YES;
				CLANG_WARN_OBJC_LITERAL_CONVERSION = YES;
				CLANG_WARN_OBJC_ROOT_CLASS = YES_ERROR;
				CLANG_WARN_QUOTED_INCLUDE_IN_FRAMEWORK_HEADER = YES;
				CLANG_WARN_RANGE_LOOP_ANALYSIS = YES;
				CLANG_WARN_STRICT_PROTOTYPES = YES;
				CLANG_WARN_SUSPICIOUS_MOVE = YES;
				CLANG_WARN_UNGUARDED_AVAILABILITY = YES_AGGRESSIVE;
				CLANG_WARN_UNREACHABLE_CODE = YES;
				CLANG_WARN__DUPLICATE_METHOD_MATCH = YES;
				COPY_PHASE_STRIP = NO;
				DEBUG_INFORMATION_FORMAT = "dwarf-with-dsym";
				ENABLE_NS_ASSERTIONS = NO;
				ENABLE_STRICT_OBJC_MSGSEND = YES;
				GCC_C_LANGUAGE_STANDARD = gnu11;
				GCC_NO_COMMON_BLOCKS = YES;
				GCC_WARN_64_TO_32_BIT_CONVERSION = YES;
				GCC_WARN_ABOUT_RETURN_TYPE = YES_ERROR;
				GCC_WARN_UNDECLARED_SELECTOR = YES;
				GCC_WARN_UNINITIALIZED_AUTOS = YES_AGGRESSIVE;
				GCC_WARN_UNUSED_FUNCTION = YES;
				GCC_WARN_UNUSED_VARIABLE = YES;
				IPHONEOS_DEPLOYMENT_TARGET = 14.2;
				MTL_ENABLE_DEBUG_INFO = NO;
				MTL_FAST_MATH = YES;
				SDKROOT = iphoneos;
				SWIFT_COMPILATION_MODE = wholemodule;
				SWIFT_OPTIMIZATION_LEVEL = "-O";
				VALIDATE_PRODUCT = YES;
			};
			name = Release;
		};
		469207D6257933D8001781E5 /* Debug */ = {
			isa = XCBuildConfiguration;
			buildSettings = {
				ASSETCATALOG_COMPILER_APPICON_NAME = AppIcon;
				ASSETCATALOG_COMPILER_GLOBAL_ACCENT_COLOR_NAME = AccentColor;
				CODE_SIGN_STYLE = Automatic;
				DEVELOPMENT_TEAM = T9X472M6U2;
				INFOPLIST_FILE = GermanTimeTravel/Info.plist;
				IPHONEOS_DEPLOYMENT_TARGET = 14.3;
				LD_RUNPATH_SEARCH_PATHS = (
					"$(inherited)",
					"@executable_path/Frameworks",
				);
				PRODUCT_BUNDLE_IDENTIFIER = com.zachthac.GermanTimeTravel;
				PRODUCT_NAME = "$(TARGET_NAME)";
				SWIFT_VERSION = 5.0;
				TARGETED_DEVICE_FAMILY = "1,2";
			};
			name = Debug;
		};
		469207D7257933D8001781E5 /* Release */ = {
			isa = XCBuildConfiguration;
			buildSettings = {
				ASSETCATALOG_COMPILER_APPICON_NAME = AppIcon;
				ASSETCATALOG_COMPILER_GLOBAL_ACCENT_COLOR_NAME = AccentColor;
				CODE_SIGN_STYLE = Automatic;
				DEVELOPMENT_TEAM = T9X472M6U2;
				INFOPLIST_FILE = GermanTimeTravel/Info.plist;
				IPHONEOS_DEPLOYMENT_TARGET = 14.3;
				LD_RUNPATH_SEARCH_PATHS = (
					"$(inherited)",
					"@executable_path/Frameworks",
				);
				PRODUCT_BUNDLE_IDENTIFIER = com.zachthac.GermanTimeTravel;
				PRODUCT_NAME = "$(TARGET_NAME)";
				SWIFT_VERSION = 5.0;
				TARGETED_DEVICE_FAMILY = "1,2";
			};
			name = Release;
		};
/* End XCBuildConfiguration section */

/* Begin XCConfigurationList section */
		469207BC257933D5001781E5 /* Build configuration list for PBXProject "GermanTimeTravel" */ = {
			isa = XCConfigurationList;
			buildConfigurations = (
				469207D3257933D8001781E5 /* Debug */,
				469207D4257933D8001781E5 /* Release */,
			);
			defaultConfigurationIsVisible = 0;
			defaultConfigurationName = Release;
		};
		469207D5257933D8001781E5 /* Build configuration list for PBXNativeTarget "GermanTimeTravel" */ = {
			isa = XCConfigurationList;
			buildConfigurations = (
				469207D6257933D8001781E5 /* Debug */,
				469207D7257933D8001781E5 /* Release */,
			);
			defaultConfigurationIsVisible = 0;
			defaultConfigurationName = Release;
		};
/* End XCConfigurationList section */

/* Begin XCVersionGroup section */
		1A07371F25AE0BB10072217A /* GermanTimeTravel.xcdatamodeld */ = {
			isa = XCVersionGroup;
			children = (
				1A07372025AE0BB10072217A /* GermanTimeTravel.xcdatamodel */,
			);
			currentVersion = 1A07372025AE0BB10072217A /* GermanTimeTravel.xcdatamodel */;
			path = GermanTimeTravel.xcdatamodeld;
			sourceTree = "<group>";
			versionGroupType = wrapper.xcdatamodel;
		};
/* End XCVersionGroup section */
	};
	rootObject = 469207B9257933D5001781E5 /* Project object */;
}
